{
  "name": "solok-selatan-travel",
  "version": "0.1.0",
  "lockfileVersion": 3,
  "requires": true,
  "packages": {
    "": {
      "name": "solok-selatan-travel",
      "version": "0.1.0",
      "dependencies": {
        "next": "^14.2.4",
        "next-intl": "^3.15.0",
        "react": "^18.3.1",
        "react-dom": "^18.3.1"
      },
      "devDependencies": {
        "@types/node": "^20",
        "@types/react": "^18",
        "@types/react-dom": "^18",
        "eslint": "^8",
        "eslint-config-next": "14.2.4",
        "postcss": "^8",
        "tailwindcss": "^3.4.1",
        "typescript": "^5"
      }
    },
    "node_modules/@alloc/quick-lru": {
      "version": "5.2.0",
      "resolved": "https://registry.npmjs.org/@alloc/quick-lru/-/quick-lru-5.2.0.tgz",
      "integrity": "sha512-UrcABB+4bUF_I/IVdeXo2l6oV3dYjFRwpwA3uXb_e1KxJ_b4yI3h2ByK8r9T+g9X1s1iXn5a5s14JQd+21gxw==",
      "dev": true,
      "engines": {
        "node": ">=10"
      },
      "funding": {
        "url": "https://github.com/sponsors/sindresorhus"
      }
    },
    "node_modules/@babel/runtime": {
      "version": "7.24.7",
      "resolved": "https://registry.npmjs.org/@babel/runtime/-/runtime-7.24.7.tgz",
      "integrity": "sha512-UqyZ2T2f29P5H3eWj9rGGDxJd2i6de3I7f67s2C3o3aMEW3M0i3GZ+/sAnM9ryyE/iP25iP0d5d+Qe5sB2/5lA==",
      "dependencies": {
        "regenerator-runtime": "^0.14.0"
      },
      "engines": {
        "node": ">=6.9.0"
      }
    },
    "node_modules/@eslint/config-array": {
      "version": "0.17.0",
      "resolved": "https://registry.npmjs.org/@eslint/config-array/-/config-array-0.17.0.tgz",
      "integrity": "sha512-h/iYp0fXjJ1aQko1ZgmoTGRs2V4hsoM4n2N6wQ18MZyjgHYoQiHw9XMrk2O5yK2oJWFkMymB29aY0Z4kczGgoQ==",
      "dev": true,
      "dependencies": {
        "@eslint/object-schema": "^2.0.1",
        "debug": "^4.3.4",
        "glob-parent": "^6.0.2",
        "ignore": "^5.3.1",
        "is-glob": "^4.0.3"
      },
      "engines": {
        "node": "^12.22.0 || ^14.17.0 || >=16.0.0"
      }
    },
    "node_modules/@eslint/object-schema": {
      "version": "2.1.2",
      "resolved": "https://registry.npmjs.org/@eslint/object-schema/-/object-schema-2.1.2.tgz",
      "integrity": "sha512-320zsyb7Hj7iBCgSwi7d9x9acnSxaBGAx30n0m1Lmp5i4QeEc+4Qno2h92/u2d7m+A31aAmOFu3p2Q407+l1KA==",
      "dev": true,
      "engines": {
        "node": "^12.22.0 || ^14.17.0 || >=16.0.0"
      }
    },
    "node_modules/@humanwhocodes/config-array": {
      "version": "0.13.0",
      "resolved": "https://registry.npmjs.org/@humanwhocodes/config-array/-/config-array-0.13.0.tgz",
      "integrity": "sha512-a8j6i3Qo43f0mm2k06i2s28cZXSpQ9ppa+d5ns/2aYDBur+Iqblv6uQy4v5Z21y7jX70jYvK6FdTAScaS32hmw==",
      "deprecated": "Use @eslint/config-array instead",
      "dev": true,
      "dependencies": {
        "@humanwhocodes/object-schema": "^2.0.3",
        "debug": "^4.1.1",
        "glob-parent": "^6.0.1",
        "is-glob": "^4.0.3"
      },
      "engines": {
        "node": ">=10.10.0"
      }
    },
    "node_modules/@humanwhocodes/object-schema": {
      "version": "2.0.3",
      "resolved": "https://registry.npmjs.org/@humanwhocodes/object-schema/-/object-schema-2.0.3.tgz",
      "integrity": "sha512-oLbd+TFBf/qAuG4mD8L042m1bkW4AmZSRlaEsF8wSj0DStmPdw2K2a0g8hE+eGDR2eyD2+bB4M/g9axImj7aIA==",
      "deprecated": "Use @eslint/object-schema instead",
      "dev": true,
      "engines": {
        "node": ">=10.10.0"
      }
    },
    "node_modules/@internationalized/string": {
      "version": "3.3.1",
      "resolved": "https://registry.npmjs.org/@internationalized/string/-/string-3.3.1.tgz",
      "integrity": "sha512-IMK0OIt8y0kNIzz6yv8wNMSs51xS2AbG0kL1DUe+ohp2hATxSgp5HeABjX2qcLhBYVw59+b2DcfVT4jJzC6zMQ=="
    },
    "node_modules/@jridgewell/sourcemap-codec": {
      "version": "1.4.15",
      "resolved": "https://registry.npmjs.org/@jridgewell/sourcemap-codec/-/sourcemap-codec-1.4.15.tgz",
      "integrity": "sha512-eF2rxCRulEKXHTRiDrDy6erMYDqNw4vOdn3OQSs2oKEN弼UCxT037vBONAJ9KORoa6i8o+V2DRpM8+gM+bMA=="
    },
    "node_modules/@next/env": {
      "version": "14.2.4",
      "resolved": "https://registry.npmjs.org/@next/env/-/env-14.2.4.tgz",
      "integrity": "sha512-Y4vcQeS6nANB91Q+0L29x4Anx1/vOq2yG7sZKLAlv+4YmK7r9pIt20PdrJ6Tqs4aXz0jZ+Tq+p42nFsaL+jTjQ=="
    },
    "node_modules/@swc/helpers": {
      "version": "0.5.11",
      "resolved": "https://registry.npmjs.org/@swc/helpers/-/helpers-0.5.11.tgz",
      "integrity": "sha512-Yn9u35zBQLcPvSrtX5+c8xZkI8W0T93u2a9jA/3Ie1sKFdZvtunbUq5o3p0e2oN5kAU/A++2RRa4undP1P5Lhw==",
      "dependencies": {
        "tslib": "^2.5.0"
      }
    },
    "node_modules/@types/node": {
      "version": "20.14.2",
      "resolved": "https://registry.npmjs.org/@types/node/-/node-20.14.2.tgz",
      "integrity": "sha512-xyu6sSRiSm9iUTD+t2p/j3vj2v2n2vj2D/2x3s+t9NnqroW9c85K9tX3l4Q+deNHgElRfz9t2o+s2D23p2H3yQ==",
      "dev": true,
      "dependencies": {
        "undici-types": "5.26.5"
      }
    },
    "node_modules/@types/react": {
      "version": "18.3.3",
      "resolved": "https://registry.npmjs.org/@types/react/-/react-18.3.3.tgz",
      "integrity": "sha512-hti/R0pS0q1/cpxhi1s3T1cOCsN3m3M2Awe4sStNBQ+XW5H1iYfFZIaQGTMmK0Lp8sDWhno5s22DOsBdaXgCag==",
      "dev": true,
      "dependencies": {
        "@types/prop-types": "*",
        "csstype": "^3.0.2"
      }
    },
    "node_modules/@types/react-dom": {
      "version": "18.3.0",
      "resolved": "https://registry.npmjs.org/@types/react-dom/-/react-dom-18.3.0.tgz",
      "integrity": "sha512-dMBOkIm1O2r31A3VfqQOdLUO93wsR7S2KHw1fcsIL0dYg5v3kWL1s+4i2pMlTWAQ29TNhTesCoKxKjwozMqHlQ==",
      "dev": true,
      "dependencies": {
        "@types/react": "*"
      }
    },
    "node_modules/abbrev": {
      "version": "1.1.1",
      "resolved": "https://registry.npmjs.org/abbrev/-/abbrev-1.1.1.tgz",
      "integrity": "sha512-nne9/IiQ/hzIhY6pdDnbBtz7DjPTKrY00P/TTwHYJpWxKvsab+j2脇A/sA96pLsuUdd2s_St1gyclMLmfjeaQ=="
    },
    "node_modules/accepts": {
      "version": "1.3.8",
      "resolved": "https://registry.npmjs.org/accepts/-/accepts-1.3.8.tgz",
      "integrity": "sha512-PYAthTa2m2VKxuvSD3DPC/Gy+U+sOA1LAuT8mkmRuvw+NACSleRyzCId+isEqui9JM飯qP/dImbllmzeEpqMow==",
      "dev": true,
      "dependencies": {
        "mime-types": "2.1.35",
        "negotiator": "0.6.3"
      },
      "engines": {
        "node": ">= 0.6"
      }
    },
    "node_modules/acorn": {
      "version": "8.12.0",
      "resolved": "https://registry.npmjs.org/acorn/-/acorn-8.12.0.tgz",
      "integrity": "sha512-d0PCEK1A8jvidOFRPXpUIilqA7gOIw9nZZvIloPbC5eYnUaNl2vlBHa/ghgY5v9eA2bT3k9z1q9e72XPw8p/qQ==",
      "dev": true,
      "bin": {
        "acorn": "bin/acorn"
      },
      "engines": {
        "node": ">=0.4.0"
      }
    },
    "node_modules/acorn-jsx": {
      "version": "5.3.2",
      "resolved": "https://registry.npmjs.org/acorn-jsx/-/acorn-jsx-5.3.2.tgz",
      "integrity": "sha512-rq9s+JNhf0ICh0a8HyLIMp3Lh/jK0SPhRFGR4xbZJkLpIYpQ0iMjwfW+g9sbsz4i3gLg22aG3u3a2H/3w8e+PA==",
      "dev": true,
      "peerDependencies": {
        "acorn": "^6.0.0 || ^7.0.0 || ^8.0.0"
      }
    },
    "node_modules/ajv": {
      "version": "6.12.6",
      "resolved": "https://registry.npmjs.org/ajv/-/ajv-6.12.6.tgz",
      "integrity": "sha512-j3fVLgvTo527anyYyJOGTYJbG+vnnQYvE0m5mmkc1TK+nxAppkCLMIL0aZ4dblVCNoGShhm+kzE4ZUykBoMg4g==",
      "dev": true,
      "dependencies": {
        "fast-deep-equal": "^3.1.1",
        "fast-json-stable-stringify": "^2.0.0",
        "json-schema-traverse": "^0.4.1",
        "uri-js": "^4.2.2"
      }
    },
    "node_modules/ansi-regex": {
      "version": "5.0.1",
      "resolved": "https://registry.npmjs.org/ansi-regex/-/ansi-regex-5.0.1.tgz",
      "integrity": "sha512-quJQXlTSUGL2LH9SUXo8VwsY4soanhgo6LNSm84E1LBcEaM0KreFBLveLgTSwkxtdhcRktJgBgoSBEqaTtOQ5Q==",
      "dev": true,
      "engines": {
        "node": ">=8"
      }
    },
    "node_modules/ansi-styles": {
      "version": "4.3.0",
      "resolved": "https://registry.npmjs.org/ansi-styles/-/ansi-styles-4.3.0.tgz",
      "integrity": "sha512-zbB9rCJAT1rbjiVDb2hqKFHNYLxgtk8NURxZ3IZwD3F6NtxbXZQCnnSi1Lkx+IDohdPlFp222wVALIheZJQSEg==",
      "dev": true,
      "dependencies": {
        "color-convert": "^2.0.1"
      },
      "engines": {
        "node": ">=8"
      },
      "funding": {
        "url": "https://github.com/chalk/ansi-styles?sponsor=1"
      }
    },
    "node_modules/arg": {
      "version": "5.0.2",
      "resolved": "https://registry.npmjs.org/arg/-/arg-5.0.2.tgz",
      "integrity": "sha512-PYI5dE4OyjJ0a2a/P4a0CVOa0s26aC5A3MC2PSZeBlr4h8iAh61YwT+5nslM7bLp3O8wU9Yy4x3ZDxu0/qTOuQ=="
    },
    "node_modules/argparse": {
      "version": "2.0.1",
      "resolved": "https://registry.npmjs.org/argparse/-/argparse-2.0.1.tgz",
      "integrity": "sha512-8+9WqebbFzpX9OR+gd+ewA2imgarMj5FaqYUoYR/M1Aztt2_cGHpxoPUxveUBEoG/0IStJJZNkJLH/IaRspP7g==",
      "dev": true
    },
    "node_modules/balanced-match": {
      "version": "1.0.2",
      "resolved": "https://registry.npmjs.org/balanced-match/-/balanced-match-1.0.2.tgz",
      "integrity": "sha512-3oSeUO0TMV67hN1AmbXsK4yaqU7tiiYEA71PG4DE/bPFnL02LS1yoG1AEwlnivh3lS8uefgSE6Olt0/S_a0nBw=="
    },
    "node_modules/brace-expansion": {
      "version": "1.1.11",
      "resolved": "https://registry.npmjs.org/brace-expansion/-/brace-expansion-1.1.11.tgz",
      "integrity": "sha512-iCuPHDFgrHX7H2vEDITORIALi6/gD6b/isA4/ke7o5A+S0PKPspScJxjLrhOENm6AIz7YxpIn2mbA8f1bCsA7ASXVQ==",
      "dependencies": {
        "balanced-match": "^1.0.0",
        "concat-map": "0.0.1"
      }
    },
    "node_modules/picocolors": {
      "version": "1.0.1",
      "resolved": "https://registry.npmjs.org/picocolors/-/picocolors-1.0.1.tgz",
      "integrity": "sha512-anodPus2iScmQ6k2RAa6D9n2F2s5p2y21Z6gl3x/vtFFz9kHe9o+Uu5u4tjSJCbSXIadxMHSfD3k62lXgVzYPQ=="
    },
    "node_modules/react": {
      "version": "18.3.1",
      "resolved": "https://registry.npmjs.org/react/-/react-18.3.1.tgz",
      "integrity": "sha512-wS+hAgJShmbnC3W/a9gR/1J4_8Kgl2h7T+7w3S/1x0oM3i3wQo9sl7jTILbj3GgTjwG7vP1t3hmQo1Jv5zTL3w==",
      "dependencies": {
        "loose-envify": "^1.1.0"
      },
      "engines": {
        "node": ">=0.10.0"
      }
    },
    "node_modules/react-dom": {
      "version": "18.3.1",
      "resolved": "https://registry.npmjs.org/react-dom/-/react-dom-18.3.1.tgz",
      "integrity": "sha512-5m4nflgQ+Lg2NJ2bNz8+7pT3hBwc/2LT22aMfl5IZp4qL7Wb3H3+X3s9x2nS+IqyGy2yG9wPh61z2mtf+xY4Yg==",
      "dependencies": {
        "loose-envify": "^1.1.0",
        "scheduler": "^0.23.2"
      },
      "peerDependencies": {
        "react": "18.3.1"
      }
    },
    "node_modules/regenerator-runtime": {
      "version": "0.14.1",
      "resolved": "https://registry.npmjs.org/regenerator-runtime/-/regenerator-runtime-0.14.1.tgz",
      "integrity": "sha512-dYnhHh0nJoMfnkZs6GmmhFknAGRrLznOu5nc9ML+EJxGvrx6H7teuevqVqCuPcPK//3eDrrjQhehXVx9cnkGdw=="
    },
    "node_modules/scheduler": {
      "version": "0.23.2",
      "resolved": "https://registry.npmjs.org/scheduler/-/scheduler-0.23.2.tgz",
      "integrity": "sha512-E3UuasfaK3T0T0b34zHDJm2G2c2iP33iP2sD4yW4gK4zT1w4e/1/4y52h9vL2AUv2QonG9JzWk5n4hZouxw==",
      "dependencies": {
        "loose-envify": "^1.1.0"
      }
    },
    "node_modules/semver": {
      "version": "7.6.2",
      "resolved": "https://registry.npmjs.org/semver/-/semver-7.6.2.tgz",
      "integrity": "sha512-FNAIBWCx9d2stMrv9T1d_LBO8I2Gwpht4yIqv5+dYEEyA6n5Nue7BA9vwpLPKIPeU2v6ESu1Oa/a2A94iFlSKg==",
      "dependencies": {
        "lru-cache": "^6.0.0"
      },
      "bin": {
        "semver": "bin/semver.js"
      },
      "engines": {
        "node": ">=10"
      }
    },
    "node_modules/source-map-js": {
      "version": "1.2.0",
      "resolved": "https://registry.npmjs.org/source-map-js/-/source-map-js-1.2.0.tgz",
      "integrity": "sha512-itJW8lvSA0imCmpzdBIi9Dwf23wy+M3TjSAvssohd93mN6bN3e27ZJBvQ+21aOSnUoX2mJt70KHs0hQJb42m9w==",
      "engines": {
        "node": ">=0.10.0"
      }
    },
    "node_modules/tailwindcss": {
      "version": "3.4.4",
      "resolved": "https://registry.npmjs.org/tailwindcss/-/tailwindcss-3.4.4.tgz",
      "integrity": "sha512-d17904L1772ax45iBoy97pXYv2I5GD8g03k5y+3y8ApIe3mlI2o1mBAL4q5a4f7gcs5bH6IubB5Y+YlQ3sohfg==",
      "dev": true,
      "dependencies": {
        "arg": "^5.0.2",
        "chokidar": "^3.5.3",
        "didyoumean": "^1.2.2",
        "dlv": "^1.1.3",
        "fast-glob": "^3.3.2",
        "glob-parent": "^6.0.2",
        "is-glob": "^4.0.3",
        "jiti": "^1.21.0",
        "lilconfig": "^2.1.0",
        "micromatch": "^4.0.5",
        "normalize-path": "^3.0.0",
        "object-hash": "^3.0.0",
        "picocolors": "^1.0.1",
        "postcss": "^8.4.31",
        "postcss-import": "^15.1.0",
        "postcss-js": "^4.0.1",
        "postcss-load-config": "^4.0.1",
        "postcss-nested": "^6.0.1",
        "postcss-selector-parser": "^6.0.13",
        "resolve": "^1.22.8",
        "sucrase": "^3.34.0"
      },
      "bin": {
        "tailwind": "lib/cli.js",
        "tailwindcss": "lib/cli.js"
      },
      "engines": {
        "node": ">=16.14.0"
      }
    },
    "node_modules/tslib": {
      "version": "2.6.3",
      "resolved": "https://registry.npmjs.org/tslib/-/tslib-2.6.3.tgz",
      "integrity": "sha512-xN0OqNz23Tia9cINfS5BAsm5cKRDh3K6dM2mc6aYG/+rNOQ9iWYn4iI5lqgpcK07W1Q2GkzEBd22bJCRweH+6w=="
    },
    "node_modules/typescript": {
      "version": "5.4.5",
      "resolved": "https://registry.npmjs.org/typescript/-/typescript-5.4.5.tgz",
      "integrity": "sha512-Yk4/SO3B4I+9qttdG+rOUWmixbeHNAOcGSSrkCbzjgHa1h46l02CRLoH3zBHtriiJ3jRbe5bSJWweG4dwg6QBA==",
      "dev": true,
      "bin": {
        "tsc": "bin/tsc",
        "tsserver": "bin/tsserver"
      },
      "engines": {
        "node": ">=14.17"
      }
    },
    "node_modules/undici-types": {
      "version": "5.26.5",
      "resolved": "https://registry.npmjs.org/undici-types/-/undici-types-5.26.5.tgz",
      "integrity": "sha512-JlCMO+ehdEIKqlFxk6IfVoAUVmgz7cU7zD/h9XZ0qzeosSHmUJVOzSQvvYSYWXkFXC+IfLKSIffGD0sInvJuWw==",
      "dev": true
    },
    "node_modules/uri-js": {
      "version": "4.4.1",
      "resolved": "https://registry.npmjs.org/uri-js/-/uri-js-4.4.1.tgz",
      "integrity": "sha512-7rOrAa5D7r+AU/rdCaleL90evE1+CRD20DPe3EgJly2lEkZFc7I6ZKMvpK திருமw5W5e0d3d5eC41mdgp3FssyYPAw==",
      "dev": true,
      "dependencies": {
        "punycode": "^2.1.0"
      }
    },
    "node_modules/util-deprecate": {
      "version": "1.0.2",
      "resolved": "https://registry.npmjs.org/util-deprecate/-/util-deprecate-1.0.2.tgz",
      "integrity": "sha512-EPD5q1uXyFxJpCrLnCc1zC9PlAUPC1hNzlUSdpMWWRE4fPPNBwYkFHDEqocDiwsUEhA1sPmavPcJ1GiaziJbWg=="
    },
    "node_modules/watchpack": {
      "version": "2.4.1",
      "resolved": "https://registry.npmjs.org/watchpack/-/watchpack-2.4.1.tgz",
      "integrity": "sha512-E2a7i34p3iif4e339iBU3C5IBWH6DAPbTjngc3j42mQ4hBS4uNBmJBNW8gU6+2VAGB2Fsm2Na22vVfSWH94iew==",
      "dev": true,
      "dependencies": {
        "glob-to-regexp": "^0.4.1",
        "graceful-fs": "^4.2.11"
      },
      "engines": {
        "node": ">= 10.13.0"
      }
    },
    "node_modules/word-wrap": {
      "version": "1.2.5",
      "resolved": "https://registry.npmjs.org/word-wrap/-/word-wrap-1.2.5.tgz",
      "integrity": "sha512-bn22U/is3Gk22dJd4yQnKzMWy2lQXbM7rX/gO9gtsVfJd4S8uyMRybgCR3aWk6vSY+5ZRtztIOuJ2dMhQ2vJqQ==",
      "dev": true,
      "engines": {
        "node": ">=0.10.0"
      }
    },
    "node_modules/yallist": {
      "version": "4.0.0",
      "resolved": "https://registry.npmjs.org/yallist/-/yallist-4.0.0.tgz",
      "integrity": "sha512-3wdGidZyq5PA/fnbexlbnI6i0UT/UYhNiXNERYLowLpPg3GISKuL+j9cYevSj0unqLgPKajE6r/+8CJonKla2w=="
    },
    "node_modules/yaml": {
      "version": "2.4.5",
      "resolved": "https://registry.npmjs.org/yaml/-/yaml-2.4.5.tgz",
      "integrity": "sha512-pAB2naSscmy2vZN53KkXX0Qp5lrhjV9a2jYp0bmqJb4wwl69o6t2MPD2D49sIn2eGmskspbhtzBHp6D7/1qMHg==",
      "dev": true,
      "engines": {
        "node": ">= 14"
      }
    },
    "node_modules/yocto-queue": {
      "version": "0.1.0",
      "resolved": "https://registry.npmjs.org/yocto-queue/-/yocto-queue-0.1.0.tgz",
      "integrity": "sha512-rVksvsnNCdJ/ohv6c+X/mri05L+gSjWB1MaQZfA9hS2NW5x0gA+sJzS1n4/9dipTfM+9pE+xABwZ7iOuLo7b2A==",
      "dev": true,
      "engines": {
        "node": ">=8"
      }
    }
  }
}
